// !$*UTF8*$!
{
	archiveVersion = 1;
	classes = {
	};
	objectVersion = 55;
	objects = {

/* Begin PBXBuildFile section */
		035AB6382721B4E700E54A6D /* CloudItemApp.swift in Sources */ = {isa = PBXBuildFile; fileRef = 035AB6372721B4E700E54A6D /* CloudItemApp.swift */; };
		035AB63A2721B4E700E54A6D /* ContentView.swift in Sources */ = {isa = PBXBuildFile; fileRef = 035AB6392721B4E700E54A6D /* ContentView.swift */; };
		035AB63C2721B4E900E54A6D /* Assets.xcassets in Resources */ = {isa = PBXBuildFile; fileRef = 035AB63B2721B4E900E54A6D /* Assets.xcassets */; };
		035AB63F2721B4E900E54A6D /* Preview Assets.xcassets in Resources */ = {isa = PBXBuildFile; fileRef = 035AB63E2721B4E900E54A6D /* Preview Assets.xcassets */; };
		035AB6482721B4FF00E54A6D /* CloudKit.framework in Frameworks */ = {isa = PBXBuildFile; fileRef = 035AB6472721B4FF00E54A6D /* CloudKit.framework */; };
		035AB64A2721B5AE00E54A6D /* ListElements.swift in Sources */ = {isa = PBXBuildFile; fileRef = 035AB6492721B5AE00E54A6D /* ListElements.swift */; };
		035AB64C2721B81C00E54A6D /* CloudKitHelper.swift in Sources */ = {isa = PBXBuildFile; fileRef = 035AB64B2721B81C00E54A6D /* CloudKitHelper.swift */; };
/* End PBXBuildFile section */

/* Begin PBXFileReference section */
		035AB6342721B4E700E54A6D /* CloudItem.app */ = {isa = PBXFileReference; explicitFileType = wrapper.application; includeInIndex = 0; path = CloudItem.app; sourceTree = BUILT_PRODUCTS_DIR; };
		035AB6372721B4E700E54A6D /* CloudItemApp.swift */ = {isa = PBXFileReference; lastKnownFileType = sourcecode.swift; path = CloudItemApp.swift; sourceTree = "<group>"; };
		035AB6392721B4E700E54A6D /* ContentView.swift */ = {isa = PBXFileReference; lastKnownFileType = sourcecode.swift; path = ContentView.swift; sourceTree = "<group>"; };
		035AB63B2721B4E900E54A6D /* Assets.xcassets */ = {isa = PBXFileReference; lastKnownFileType = folder.assetcatalog; path = Assets.xcassets; sourceTree = "<group>"; };
		035AB63E2721B4E900E54A6D /* Preview Assets.xcassets */ = {isa = PBXFileReference; lastKnownFileType = folder.assetcatalog; path = "Preview Assets.xcassets"; sourceTree = "<group>"; };
		035AB6452721B4FB00E54A6D /* CloudItem.entitlements */ = {isa = PBXFileReference; lastKnownFileType = text.plist.entitlements; path = CloudItem.entitlements; sourceTree = "<group>"; };
		035AB6472721B4FF00E54A6D /* CloudKit.framework */ = {isa = PBXFileReference; lastKnownFileType = wrapper.framework; name = CloudKit.framework; path = System/Library/Frameworks/CloudKit.framework; sourceTree = SDKROOT; };
		035AB6492721B5AE00E54A6D /* ListElements.swift */ = {isa = PBXFileReference; lastKnownFileType = sourcecode.swift; path = ListElements.swift; sourceTree = "<group>"; };
		035AB64B2721B81C00E54A6D /* CloudKitHelper.swift */ = {isa = PBXFileReference; lastKnownFileType = sourcecode.swift; path = CloudKitHelper.swift; sourceTree = "<group>"; };
/* End PBXFileReference section */

/* Begin PBXFrameworksBuildPhase section */
		035AB6312721B4E700E54A6D /* Frameworks */ = {
			isa = PBXFrameworksBuildPhase;
			buildActionMask = 2147483647;
			files = (
				035AB6482721B4FF00E54A6D /* CloudKit.framework in Frameworks */,
			);
			runOnlyForDeploymentPostprocessing = 0;
		};
/* End PBXFrameworksBuildPhase section */

/* Begin PBXGroup section */
		035AB62B2721B4E700E54A6D = {
			isa = PBXGroup;
			children = (
				035AB6362721B4E700E54A6D /* CloudItem */,
				035AB6352721B4E700E54A6D /* Products */,
				035AB6462721B4FF00E54A6D /* Frameworks */,
			);
			sourceTree = "<group>";
		};
		035AB6352721B4E700E54A6D /* Products */ = {
			isa = PBXGroup;
			children = (
				035AB6342721B4E700E54A6D /* CloudItem.app */,
			);
			name = Products;
			sourceTree = "<group>";
		};
		035AB6362721B4E700E54A6D /* CloudItem */ = {
			isa = PBXGroup;
			children = (
				035AB6452721B4FB00E54A6D /* CloudItem.entitlements */,
				035AB6372721B4E700E54A6D /* CloudItemApp.swift */,
				035AB6392721B4E700E54A6D /* ContentView.swift */,
				035AB63B2721B4E900E54A6D /* Assets.xcassets */,
				035AB63D2721B4E900E54A6D /* Preview Content */,
				035AB6492721B5AE00E54A6D /* ListElements.swift */,
				035AB64B2721B81C00E54A6D /* CloudKitHelper.swift */,
			);
			path = CloudItem;
			sourceTree = "<group>";
		};
		035AB63D2721B4E900E54A6D /* Preview Content */ = {
			isa = PBXGroup;
			children = (
				035AB63E2721B4E900E54A6D /* Preview Assets.xcassets */,
			);
			path = "Preview Content";
			sourceTree = "<group>";
		};
		035AB6462721B4FF00E54A6D /* Frameworks */ = {
			isa = PBXGroup;
			children = (
				035AB6472721B4FF00E54A6D /* CloudKit.framework */,
			);
			name = Frameworks;
			sourceTree = "<group>";
		};
/* End PBXGroup section */

/* Begin PBXNativeTarget section */
		035AB6332721B4E700E54A6D /* CloudItem */ = {
			isa = PBXNativeTarget;
			buildConfigurationList = 035AB6422721B4E900E54A6D /* Build configuration list for PBXNativeTarget "CloudItem" */;
			buildPhases = (
				035AB6302721B4E700E54A6D /* Sources */,
				035AB6312721B4E700E54A6D /* Frameworks */,
				035AB6322721B4E700E54A6D /* Resources */,
			);
			buildRules = (
			);
			dependencies = (
			);
			name = CloudItem;
			productName = CloudItem;
			productReference = 035AB6342721B4E700E54A6D /* CloudItem.app */;
			productType = "com.apple.product-type.application";
		};
/* End PBXNativeTarget section */

/* Begin PBXProject section */
		035AB62C2721B4E700E54A6D /* Project object */ = {
			isa = PBXProject;
			attributes = {
				BuildIndependentTargetsInParallel = 1;
				LastSwiftUpdateCheck = 1300;
				LastUpgradeCheck = 1300;
				TargetAttributes = {
					035AB6332721B4E700E54A6D = {
						CreatedOnToolsVersion = 13.0;
					};
				};
			};
			buildConfigurationList = 035AB62F2721B4E700E54A6D /* Build configuration list for PBXProject "CloudItem" */;
			compatibilityVersion = "Xcode 13.0";
			developmentRegion = en;
			hasScannedForEncodings = 0;
			knownRegions = (
				en,
				Base,
			);
			mainGroup = 035AB62B2721B4E700E54A6D;
			productRefGroup = 035AB6352721B4E700E54A6D /* Products */;
			projectDirPath = "";
			projectRoot = "";
			targets = (
				035AB6332721B4E700E54A6D /* CloudItem */,
			);
		};
/* End PBXProject section */

/* Begin PBXResourcesBuildPhase section */
		035AB6322721B4E700E54A6D /* Resources */ = {
			isa = PBXResourcesBuildPhase;
			buildActionMask = 2147483647;
			files = (
				035AB63F2721B4E900E54A6D /* Preview Assets.xcassets in Resources */,
				035AB63C2721B4E900E54A6D /* Assets.xcassets in Resources */,
			);
			runOnlyForDeploymentPostprocessing = 0;
		};
/* End PBXResourcesBuildPhase section */

/* Begin PBXSourcesBuildPhase section */
		035AB6302721B4E700E54A6D /* Sources */ = {
			isa = PBXSourcesBuildPhase;
			buildActionMask = 2147483647;
			files = (
				035AB64A2721B5AE00E54A6D /* ListElements.swift in Sources */,
				035AB63A2721B4E700E54A6D /* ContentView.swift in Sources */,
				035AB64C2721B81C00E54A6D /* CloudKitHelper.swift in Sources */,
				035AB6382721B4E700E54A6D /* CloudItemApp.swift in Sources */,
			);
			runOnlyForDeploymentPostprocessing = 0;
		};
/* End PBXSourcesBuildPhase section */

/* Begin XCBuildConfiguration section */
		035AB6402721B4E900E54A6D /* Debug */ = {
			isa = XCBuildConfiguration;
			buildSettings = {
				ALWAYS_SEARCH_USER_PATHS = NO;
				CLANG_ANALYZER_NONNULL = YES;
				CLANG_ANALYZER_NUMBER_OBJECT_CONVERSION = YES_AGGRESSIVE;
				CLANG_CXX_LANGUAGE_STANDARD = "gnu++17";
				CLANG_CXX_LIBRARY = "libc++";
				CLANG_ENABLE_MODULES = YES;
				CLANG_ENABLE_OBJC_ARC = YES;
				CLANG_ENABLE_OBJC_WEAK = YES;
				CLANG_WARN_BLOCK_CAPTURE_AUTORELEASING = YES;
				CLANG_WARN_BOOL_CONVERSION = YES;
				CLANG_WARN_COMMA = YES;
				CLANG_WARN_CONSTANT_CONVERSION = YES;
				CLANG_WARN_DEPRECATED_OBJC_IMPLEMENTATIONS = YES;
				CLANG_WARN_DIRECT_OBJC_ISA_USAGE = YES_ERROR;
				CLANG_WARN_DOCUMENTATION_COMMENTS = YES;
				CLANG_WARN_EMPTY_BODY = YES;
				CLANG_WARN_ENUM_CONVERSION = YES;
				CLANG_WARN_INFINITE_RECURSION = YES;
				CLANG_WARN_INT_CONVERSION = YES;
				CLANG_WARN_NON_LITERAL_NULL_CONVERSION = YES;
				CLANG_WARN_OBJC_IMPLICIT_RETAIN_SELF = YES;
				CLANG_WARN_OBJC_LITERAL_CONVERSION = YES;
				CLANG_WARN_OBJC_ROOT_CLASS = YES_ERROR;
				CLANG_WARN_QUOTED_INCLUDE_IN_FRAMEWORK_HEADER = YES;
				CLANG_WARN_RANGE_LOOP_ANALYSIS = YES;
				CLANG_WARN_STRICT_PROTOTYPES = YES;
				CLANG_WARN_SUSPICIOUS_MOVE = YES;
				CLANG_WARN_UNGUARDED_AVAILABILITY = YES_AGGRESSIVE;
				CLANG_WARN_UNREACHABLE_CODE = YES;
				CLANG_WARN__DUPLICATE_METHOD_MATCH = YES;
				COPY_PHASE_STRIP = NO;
				DEBUG_INFORMATION_FORMAT = dwarf;
				ENABLE_STRICT_OBJC_MSGSEND = YES;
				ENABLE_TESTABILITY = YES;
				GCC_C_LANGUAGE_STANDARD = gnu11;
				GCC_DYNAMIC_NO_PIC = NO;
				GCC_NO_COMMON_BLOCKS = YES;
				GCC_OPTIMIZATION_LEVEL = 0;
				GCC_PREPROCESSOR_DEFINITIONS = (
					"DEBUG=1",
					"$(inherited)",
				);
				GCC_WARN_64_TO_32_BIT_CONVERSION = YES;
				GCC_WARN_ABOUT_RETURN_TYPE = YES_ERROR;
				GCC_WARN_UNDECLARED_SELECTOR = YES;
				GCC_WARN_UNINITIALIZED_AUTOS = YES_AGGRESSIVE;
				GCC_WARN_UNUSED_FUNCTION = YES;
				GCC_WARN_UNUSED_VARIABLE = YES;
				IPHONEOS_DEPLOYMENT_TARGET = 15.0;
				MTL_ENABLE_DEBUG_INFO = INCLUDE_SOURCE;
				MTL_FAST_MATH = YES;
				ONLY_ACTIVE_ARCH = YES;
				SDKROOT = iphoneos;
				SWIFT_ACTIVE_COMPILATION_CONDITIONS = DEBUG;
				SWIFT_OPTIMIZATION_LEVEL = "-Onone";
			};
			name = Debug;
		};
		035AB6412721B4E900E54A6D /* Release */ = {
			isa = XCBuildConfiguration;
			buildSettings = {
				ALWAYS_SEARCH_USER_PATHS = NO;
				CLANG_ANALYZER_NONNULL = YES;
				CLANG_ANALYZER_NUMBER_OBJECT_CONVERSION = YES_AGGRESSIVE;
				CLANG_CXX_LANGUAGE_STANDARD = "gnu++17";
				CLANG_CXX_LIBRARY = "libc++";
				CLANG_ENABLE_MODULES = YES;
				CLANG_ENABLE_OBJC_ARC = YES;
				CLANG_ENABLE_OBJC_WEAK = YES;
				CLANG_WARN_BLOCK_CAPTURE_AUTORELEASING = YES;
				CLANG_WARN_BOOL_CONVERSION = YES;
				CLANG_WARN_COMMA = YES;
				CLANG_WARN_CONSTANT_CONVERSION = YES;
				CLANG_WARN_DEPRECATED_OBJC_IMPLEMENTATIONS = YES;
				CLANG_WARN_DIRECT_OBJC_ISA_USAGE = YES_ERROR;
				CLANG_WARN_DOCUMENTATION_COMMENTS = YES;
				CLANG_WARN_EMPTY_BODY = YES;
				CLANG_WARN_ENUM_CONVERSION = YES;
				CLANG_WARN_INFINITE_RECURSION = YES;
				CLANG_WARN_INT_CONVERSION = YES;
				CLANG_WARN_NON_LITERAL_NULL_CONVERSION = YES;
				CLANG_WARN_OBJC_IMPLICIT_RETAIN_SELF = YES;
				CLANG_WARN_OBJC_LITERAL_CONVERSION = YES;
				CLANG_WARN_OBJC_ROOT_CLASS = YES_ERROR;
				CLANG_WARN_QUOTED_INCLUDE_IN_FRAMEWORK_HEADER = YES;
				CLANG_WARN_RANGE_LOOP_ANALYSIS = YES;
				CLANG_WARN_STRICT_PROTOTYPES = YES;
				CLANG_WARN_SUSPICIOUS_MOVE = YES;
				CLANG_WARN_UNGUARDED_AVAILABILITY = YES_AGGRESSIVE;
				CLANG_WARN_UNREACHABLE_CODE = YES;
				CLANG_WARN__DUPLICATE_METHOD_MATCH = YES;
				COPY_PHASE_STRIP = NO;
				DEBUG_INFORMATION_FORMAT = "dwarf-with-dsym";
				ENABLE_NS_ASSERTIONS = NO;
				ENABLE_STRICT_OBJC_MSGSEND = YES;
				GCC_C_LANGUAGE_STANDARD = gnu11;
				GCC_NO_COMMON_BLOCKS = YES;
				GCC_WARN_64_TO_32_BIT_CONVERSION = YES;
				GCC_WARN_ABOUT_RETURN_TYPE = YES_ERROR;
				GCC_WARN_UNDECLARED_SELECTOR = YES;
				GCC_WARN_UNINITIALIZED_AUTOS = YES_AGGRESSIVE;
				GCC_WARN_UNUSED_FUNCTION = YES;
				GCC_WARN_UNUSED_VARIABLE = YES;
				IPHONEOS_DEPLOYMENT_TARGET = 15.0;
				MTL_ENABLE_DEBUG_INFO = NO;
				MTL_FAST_MATH = YES;
				SDKROOT = iphoneos;
				SWIFT_COMPILATION_MODE = wholemodule;
				SWIFT_OPTIMIZATION_LEVEL = "-O";
				VALIDATE_PRODUCT = YES;
			};
			name = Release;
		};
		035AB6432721B4E900E54A6D /* Debug */ = {
			isa = XCBuildConfiguration;
			buildSettings = {
				ASSETCATALOG_COMPILER_APPICON_NAME = AppIcon;
				ASSETCATALOG_COMPILER_GLOBAL_ACCENT_COLOR_NAME = AccentColor;
				CODE_SIGN_ENTITLEMENTS = CloudItem/CloudItem.entitlements;
				CODE_SIGN_STYLE = Automatic;
				CURRENT_PROJECT_VERSION = 1;
				DEVELOPMENT_ASSET_PATHS = "\"CloudItem/Preview Content\"";
				DEVELOPMENT_TEAM = 2FT28A9D5B;
				ENABLE_PREVIEWS = YES;
				GENERATE_INFOPLIST_FILE = YES;
				INFOPLIST_KEY_UIApplicationSceneManifest_Generation = YES;
				INFOPLIST_KEY_UIApplicationSupportsIndirectInputEvents = YES;
				INFOPLIST_KEY_UILaunchScreen_Generation = YES;
				INFOPLIST_KEY_UISupportedInterfaceOrientations_iPad = "UIInterfaceOrientationPortrait UIInterfaceOrientationPortraitUpsideDown UIInterfaceOrientationLandscapeLeft UIInterfaceOrientationLandscapeRight";
				INFOPLIST_KEY_UISupportedInterfaceOrientations_iPhone = "UIInterfaceOrientationPortrait UIInterfaceOrientationLandscapeLeft UIInterfaceOrientationLandscapeRight";
				IPHONEOS_DEPLOYMENT_TARGET = 14.0;
				LD_RUNPATH_SEARCH_PATHS = (
					"$(inherited)",
					"@executable_path/Frameworks",
				);
				MARKETING_VERSION = 1.0;
				PRODUCT_BUNDLE_IDENTIFIER = com.rezz.CloudItem;
				PRODUCT_NAME = "$(TARGET_NAME)";
				SWIFT_EMIT_LOC_STRINGS = YES;
				SWIFT_VERSION = 5.0;
				TARGETED_DEVICE_FAMILY = "1,2";
			};
			name = Debug;
		};
		035AB6442721B4E900E54A6D /* Release */ = {
			isa = XCBuildConfiguration;
			buildSettings = {
				ASSETCATALOG_COMPILER_APPICON_NAME = AppIcon;
				ASSETCATALOG_COMPILER_GLOBAL_ACCENT_COLOR_NAME = AccentColor;
				CODE_SIGN_ENTITLEMENTS = CloudItem/CloudItem.entitlements;
				CODE_SIGN_STYLE = Automatic;
				CURRENT_PROJECT_VERSION = 1;
				DEVELOPMENT_ASSET_PATHS = "\"CloudItem/Preview Content\"";
				DEVELOPMENT_TEAM = 2FT28A9D5B;
				ENABLE_PREVIEWS = YES;
				GENERATE_INFOPLIST_FILE = YES;
				INFOPLIST_KEY_UIApplicationSceneManifest_Generation = YES;
				INFOPLIST_KEY_UIApplicationSupportsIndirectInputEvents = YES;
				INFOPLIST_KEY_UILaunchScreen_Generation = YES;
				INFOPLIST_KEY_UISupportedInterfaceOrientations_iPad = "UIInterfaceOrientationPortrait UIInterfaceOrientationPortraitUpsideDown UIInterfaceOrientationLandscapeLeft UIInterfaceOrientationLandscapeRight";
				INFOPLIST_KEY_UISupportedInterfaceOrientations_iPhone = "UIInterfaceOrientationPortrait UIInterfaceOrientationLandscapeLeft UIInterfaceOrientationLandscapeRight";
				IPHONEOS_DEPLOYMENT_TARGET = 14.0;
				LD_RUNPATH_SEARCH_PATHS = (
					"$(inherited)",
					"@executable_path/Frameworks",
				);
				MARKETING_VERSION = 1.0;
				PRODUCT_BUNDLE_IDENTIFIER = com.rezz.CloudItem;
				PRODUCT_NAME = "$(TARGET_NAME)";
				SWIFT_EMIT_LOC_STRINGS = YES;
				SWIFT_VERSION = 5.0;
				TARGETED_DEVICE_FAMILY = "1,2";
			};
			name = Release;
		};
/* End XCBuildConfiguration section */

/* Begin XCConfigurationList section */
		035AB62F2721B4E700E54A6D /* Build configuration list for PBXProject "CloudItem" */ = {
			isa = XCConfigurationList;
			buildConfigurations = (
				035AB6402721B4E900E54A6D /* Debug */,
				035AB6412721B4E900E54A6D /* Release */,
			);
			defaultConfigurationIsVisible = 0;
			defaultConfigurationName = Release;
		};
		035AB6422721B4E900E54A6D /* Build configuration list for PBXNativeTarget "CloudItem" */ = {
			isa = XCConfigurationList;
			buildConfigurations = (
				035AB6432721B4E900E54A6D /* Debug */,
				035AB6442721B4E900E54A6D /* Release */,
			);
			defaultConfigurationIsVisible = 0;
			defaultConfigurationName = Release;
		};
/* End XCConfigurationList section */
	};
	rootObject = 035AB62C2721B4E700E54A6D /* Project object */;
}
